
Microsoft Visual Studio Solution File, Format Version 12.00
# Visual Studio Version 16
VisualStudioVersion = 16.0.32228.343
MinimumVisualStudioVersion = 10.0.40219.1
Project("{FAE04EC0-301F-11D3-BF4B-00C04F79EFBC}") = "LAbb-4-API", "LAbb-4-API\LAbb-4-API.csproj", "{3B52490F-28A6-4C72-A8A0-219363BF6BE4}"
EndProject
Global
	GlobalSection(SolutionConfigurationPlatforms) = preSolution
		Debug|Any CPU = Debug|Any CPU
		Release|Any CPU = Release|Any CPU
	EndGlobalSection
	GlobalSection(ProjectConfigurationPlatforms) = postSolution
		{3B52490F-28A6-4C72-A8A0-219363BF6BE4}.Debug|Any CPU.ActiveCfg = Debug|Any CPU
		{3B52490F-28A6-4C72-A8A0-219363BF6BE4}.Debug|Any CPU.Build.0 = Debug|Any CPU
		{3B52490F-28A6-4C72-A8A0-219363BF6BE4}.Release|Any CPU.ActiveCfg = Release|Any CPU
		{3B52490F-28A6-4C72-A8A0-219363BF6BE4}.Release|Any CPU.Build.0 = Release|Any CPU
	EndGlobalSection
	GlobalSection(SolutionProperties) = preSolution
		HideSolutionNode = FALSE
	EndGlobalSection
	GlobalSection(ExtensibilityGlobals) = postSolution
		SolutionGuid = {31AB398D-6979-4F04-A8B5-1BD522098265}
	EndGlobalSection
EndGlobal
